
Microsoft Visual Studio Solution File, Format Version 12.00
# Visual Studio Version 16
VisualStudioVersion = 16.0.30611.23
MinimumVisualStudioVersion = 10.0.40219.1
Project("{FAE04EC0-301F-11D3-BF4B-00C04F79EFBC}") = "lab3Problems", "lab3Problems\lab3Problems.csproj", "{3ED4D5C1-A3F0-478F-A9C8-AD90A8376050}"
EndProject
Global
	GlobalSection(SolutionConfigurationPlatforms) = preSolution
		Debug|Any CPU = Debug|Any CPU
		Release|Any CPU = Release|Any CPU
	EndGlobalSection
	GlobalSection(ProjectConfigurationPlatforms) = postSolution
		{3ED4D5C1-A3F0-478F-A9C8-AD90A8376050}.Debug|Any CPU.ActiveCfg = Debug|Any CPU
		{3ED4D5C1-A3F0-478F-A9C8-AD90A8376050}.Debug|Any CPU.Build.0 = Debug|Any CPU
		{3ED4D5C1-A3F0-478F-A9C8-AD90A8376050}.Release|Any CPU.ActiveCfg = Release|Any CPU
		{3ED4D5C1-A3F0-478F-A9C8-AD90A8376050}.Release|Any CPU.Build.0 = Release|Any CPU
	EndGlobalSection
	GlobalSection(SolutionProperties) = preSolution
		HideSolutionNode = FALSE
	EndGlobalSection
	GlobalSection(ExtensibilityGlobals) = postSolution
		SolutionGuid = {6BA5DA4D-11B7-4730-BA64-33292903D300}
	EndGlobalSection
EndGlobal
